
Microsoft Visual Studio Solution File, Format Version 12.00
# Visual Studio Version 16
VisualStudioVersion = 16.0.29424.173
MinimumVisualStudioVersion = 10.0.40219.1
Project("{888888A0-9F3D-457C-B088-3A5042F75D52}") = "DOTConnections", "DOTConnections.pyproj", "{19CA3311-16B4-4DB6-8674-F107AEF979AD}"
EndProject
Global
	GlobalSection(SolutionConfigurationPlatforms) = preSolution
		Debug|Any CPU = Debug|Any CPU
		Release|Any CPU = Release|Any CPU
	EndGlobalSection
	GlobalSection(ProjectConfigurationPlatforms) = postSolution
		{19CA3311-16B4-4DB6-8674-F107AEF979AD}.Debug|Any CPU.ActiveCfg = Debug|Any CPU
		{19CA3311-16B4-4DB6-8674-F107AEF979AD}.Debug|Any CPU.Build.0 = Debug|Any CPU
		{19CA3311-16B4-4DB6-8674-F107AEF979AD}.Release|Any CPU.ActiveCfg = Release|Any CPU
		{19CA3311-16B4-4DB6-8674-F107AEF979AD}.Release|Any CPU.Build.0 = Release|Any CPU
	EndGlobalSection
	GlobalSection(SolutionProperties) = preSolution
		HideSolutionNode = FALSE
	EndGlobalSection
	GlobalSection(ExtensibilityGlobals) = postSolution
		SolutionGuid = {ABA3467A-EC7F-434F-8BEA-ECB62D0960C1}
	EndGlobalSection
EndGlobal
